// !$*UTF8*$!
{
	archiveVersion = 1;
	classes = {
	};
	objectVersion = 46;
	objects = {

/* Begin PBXBuildFile section */
		AEB1AC0446CD9066E9E168C6 /* Pods_KickThreads.framework in Frameworks */ = {isa = PBXBuildFile; fileRef = 7CCCDD8DBB309EDCBDD16F2B /* Pods_KickThreads.framework */; };
		C7ACF5161EBD53FE00EF5E4E /* AppDelegate.swift in Sources */ = {isa = PBXBuildFile; fileRef = C7ACF5151EBD53FE00EF5E4E /* AppDelegate.swift */; };
		C7ACF5181EBD53FE00EF5E4E /* ViewController.swift in Sources */ = {isa = PBXBuildFile; fileRef = C7ACF5171EBD53FE00EF5E4E /* ViewController.swift */; };
		C7ACF51B1EBD53FE00EF5E4E /* Main.storyboard in Resources */ = {isa = PBXBuildFile; fileRef = C7ACF5191EBD53FE00EF5E4E /* Main.storyboard */; };
		C7ACF51D1EBD53FE00EF5E4E /* Assets.xcassets in Resources */ = {isa = PBXBuildFile; fileRef = C7ACF51C1EBD53FE00EF5E4E /* Assets.xcassets */; };
		C7ACF5201EBD53FE00EF5E4E /* LaunchScreen.storyboard in Resources */ = {isa = PBXBuildFile; fileRef = C7ACF51E1EBD53FE00EF5E4E /* LaunchScreen.storyboard */; };
		C7C910881EBE4346009642F7 /* RestKit.framework in Frameworks */ = {isa = PBXBuildFile; fileRef = C7C910861EBE4346009642F7 /* RestKit.framework */; };
		C7C910891EBE4346009642F7 /* VisualRecognitionV3.framework in Frameworks */ = {isa = PBXBuildFile; fileRef = C7C910871EBE4346009642F7 /* VisualRecognitionV3.framework */; };
		C7C9108B1EBE4438009642F7 /* GoogleService-Info.plist in Resources */ = {isa = PBXBuildFile; fileRef = C7C9108A1EBE4438009642F7 /* GoogleService-Info.plist */; };
/* End PBXBuildFile section */

/* Begin PBXFileReference section */
		6288BA900547B877FAC12AED /* Pods-KickThreads.release.xcconfig */ = {isa = PBXFileReference; includeInIndex = 1; lastKnownFileType = text.xcconfig; name = "Pods-KickThreads.release.xcconfig"; path = "Pods/Target Support Files/Pods-KickThreads/Pods-KickThreads.release.xcconfig"; sourceTree = "<group>"; };
		7CCCDD8DBB309EDCBDD16F2B /* Pods_KickThreads.framework */ = {isa = PBXFileReference; explicitFileType = wrapper.framework; includeInIndex = 0; path = Pods_KickThreads.framework; sourceTree = BUILT_PRODUCTS_DIR; };
		C7ACF5121EBD53FE00EF5E4E /* KickThreads.app */ = {isa = PBXFileReference; explicitFileType = wrapper.application; includeInIndex = 0; path = KickThreads.app; sourceTree = BUILT_PRODUCTS_DIR; };
		C7ACF5151EBD53FE00EF5E4E /* AppDelegate.swift */ = {isa = PBXFileReference; lastKnownFileType = sourcecode.swift; path = AppDelegate.swift; sourceTree = "<group>"; };
		C7ACF5171EBD53FE00EF5E4E /* ViewController.swift */ = {isa = PBXFileReference; lastKnownFileType = sourcecode.swift; path = ViewController.swift; sourceTree = "<group>"; };
		C7ACF51A1EBD53FE00EF5E4E /* Base */ = {isa = PBXFileReference; lastKnownFileType = file.storyboard; name = Base; path = Base.lproj/Main.storyboard; sourceTree = "<group>"; };
		C7ACF51C1EBD53FE00EF5E4E /* Assets.xcassets */ = {isa = PBXFileReference; lastKnownFileType = folder.assetcatalog; path = Assets.xcassets; sourceTree = "<group>"; };
		C7ACF51F1EBD53FE00EF5E4E /* Base */ = {isa = PBXFileReference; lastKnownFileType = file.storyboard; name = Base; path = Base.lproj/LaunchScreen.storyboard; sourceTree = "<group>"; };
		C7ACF5211EBD53FE00EF5E4E /* Info.plist */ = {isa = PBXFileReference; lastKnownFileType = text.plist.xml; path = Info.plist; sourceTree = "<group>"; };
		C7C910861EBE4346009642F7 /* RestKit.framework */ = {isa = PBXFileReference; lastKnownFileType = wrapper.framework; name = RestKit.framework; path = Carthage/Build/iOS/RestKit.framework; sourceTree = "<group>"; };
		C7C910871EBE4346009642F7 /* VisualRecognitionV3.framework */ = {isa = PBXFileReference; lastKnownFileType = wrapper.framework; name = VisualRecognitionV3.framework; path = Carthage/Build/iOS/VisualRecognitionV3.framework; sourceTree = "<group>"; };
		C7C9108A1EBE4438009642F7 /* GoogleService-Info.plist */ = {isa = PBXFileReference; fileEncoding = 4; lastKnownFileType = text.plist.xml; path = "GoogleService-Info.plist"; sourceTree = "<group>"; };
		CC9ACFD2DF370BFBF9C89012 /* Pods-KickThreads.debug.xcconfig */ = {isa = PBXFileReference; includeInIndex = 1; lastKnownFileType = text.xcconfig; name = "Pods-KickThreads.debug.xcconfig"; path = "Pods/Target Support Files/Pods-KickThreads/Pods-KickThreads.debug.xcconfig"; sourceTree = "<group>"; };
/* End PBXFileReference section */

/* Begin PBXFrameworksBuildPhase section */
		C7ACF50F1EBD53FD00EF5E4E /* Frameworks */ = {
			isa = PBXFrameworksBuildPhase;
			buildActionMask = 2147483647;
			files = (
				C7C910881EBE4346009642F7 /* RestKit.framework in Frameworks */,
				C7C910891EBE4346009642F7 /* VisualRecognitionV3.framework in Frameworks */,
				AEB1AC0446CD9066E9E168C6 /* Pods_KickThreads.framework in Frameworks */,
			);
			runOnlyForDeploymentPostprocessing = 0;
		};
/* End PBXFrameworksBuildPhase section */

/* Begin PBXGroup section */
		339B0134A824C05E66ABEE01 /* Pods */ = {
			isa = PBXGroup;
			children = (
				CC9ACFD2DF370BFBF9C89012 /* Pods-KickThreads.debug.xcconfig */,
				6288BA900547B877FAC12AED /* Pods-KickThreads.release.xcconfig */,
			);
			name = Pods;
			sourceTree = "<group>";
		};
		C7ACF5091EBD53FD00EF5E4E = {
			isa = PBXGroup;
			children = (
				C7ACF5141EBD53FE00EF5E4E /* KickThreads */,
				C7ACF5131EBD53FE00EF5E4E /* Products */,
				C7C910311EBE4298009642F7 /* Frameworks */,
				339B0134A824C05E66ABEE01 /* Pods */,
			);
			sourceTree = "<group>";
		};
		C7ACF5131EBD53FE00EF5E4E /* Products */ = {
			isa = PBXGroup;
			children = (
				C7ACF5121EBD53FE00EF5E4E /* KickThreads.app */,
			);
			name = Products;
			sourceTree = "<group>";
		};
		C7ACF5141EBD53FE00EF5E4E /* KickThreads */ = {
			isa = PBXGroup;
			children = (
				C7ACF5151EBD53FE00EF5E4E /* AppDelegate.swift */,
				C7ACF5171EBD53FE00EF5E4E /* ViewController.swift */,
				C7ACF5191EBD53FE00EF5E4E /* Main.storyboard */,
				C7ACF51C1EBD53FE00EF5E4E /* Assets.xcassets */,
				C7ACF51E1EBD53FE00EF5E4E /* LaunchScreen.storyboard */,
				C7ACF5211EBD53FE00EF5E4E /* Info.plist */,
				C7C9108A1EBE4438009642F7 /* GoogleService-Info.plist */,
			);
			path = KickThreads;
			sourceTree = "<group>";
		};
		C7C910311EBE4298009642F7 /* Frameworks */ = {
			isa = PBXGroup;
			children = (
				C7C910861EBE4346009642F7 /* RestKit.framework */,
				C7C910871EBE4346009642F7 /* VisualRecognitionV3.framework */,
				7CCCDD8DBB309EDCBDD16F2B /* Pods_KickThreads.framework */,
			);
			name = Frameworks;
			sourceTree = "<group>";
		};
/* End PBXGroup section */

/* Begin PBXNativeTarget section */
		C7ACF5111EBD53FD00EF5E4E /* KickThreads */ = {
			isa = PBXNativeTarget;
			buildConfigurationList = C7ACF5241EBD53FE00EF5E4E /* Build configuration list for PBXNativeTarget "KickThreads" */;
			buildPhases = (
				8D6F10B08FA46E4845A27546 /* [CP] Check Pods Manifest.lock */,
				C7ACF50E1EBD53FD00EF5E4E /* Sources */,
				C7ACF50F1EBD53FD00EF5E4E /* Frameworks */,
				C7ACF5101EBD53FD00EF5E4E /* Resources */,
				C7C910851EBE42C8009642F7 /* ShellScript */,
				39B764A88A0474FAE9F2DB7C /* [CP] Embed Pods Frameworks */,
				220384AE928A838383A9BA1F /* [CP] Copy Pods Resources */,
			);
			buildRules = (
			);
			dependencies = (
			);
			name = KickThreads;
			productName = KickThreads;
			productReference = C7ACF5121EBD53FE00EF5E4E /* KickThreads.app */;
			productType = "com.apple.product-type.application";
		};
/* End PBXNativeTarget section */

/* Begin PBXProject section */
		C7ACF50A1EBD53FD00EF5E4E /* Project object */ = {
			isa = PBXProject;
			attributes = {
				LastSwiftUpdateCheck = 0830;
				LastUpgradeCheck = 0830;
				ORGANIZATIONNAME = "Saatvik Arya";
				TargetAttributes = {
					C7ACF5111EBD53FD00EF5E4E = {
						CreatedOnToolsVersion = 8.3.1;
						DevelopmentTeam = LZKU673F93;
						ProvisioningStyle = Automatic;
					};
				};
			};
			buildConfigurationList = C7ACF50D1EBD53FD00EF5E4E /* Build configuration list for PBXProject "KickThreads" */;
			compatibilityVersion = "Xcode 3.2";
			developmentRegion = English;
			hasScannedForEncodings = 0;
			knownRegions = (
				en,
				Base,
			);
			mainGroup = C7ACF5091EBD53FD00EF5E4E;
			productRefGroup = C7ACF5131EBD53FE00EF5E4E /* Products */;
			projectDirPath = "";
			projectRoot = "";
			targets = (
				C7ACF5111EBD53FD00EF5E4E /* KickThreads */,
			);
		};
/* End PBXProject section */

/* Begin PBXResourcesBuildPhase section */
		C7ACF5101EBD53FD00EF5E4E /* Resources */ = {
			isa = PBXResourcesBuildPhase;
			buildActionMask = 2147483647;
			files = (
				C7ACF5201EBD53FE00EF5E4E /* LaunchScreen.storyboard in Resources */,
				C7C9108B1EBE4438009642F7 /* GoogleService-Info.plist in Resources */,
				C7ACF51D1EBD53FE00EF5E4E /* Assets.xcassets in Resources */,
				C7ACF51B1EBD53FE00EF5E4E /* Main.storyboard in Resources */,
			);
			runOnlyForDeploymentPostprocessing = 0;
		};
/* End PBXResourcesBuildPhase section */

/* Begin PBXShellScriptBuildPhase section */
		220384AE928A838383A9BA1F /* [CP] Copy Pods Resources */ = {
			isa = PBXShellScriptBuildPhase;
			buildActionMask = 2147483647;
			files = (
			);
			inputPaths = (
			);
			name = "[CP] Copy Pods Resources";
			outputPaths = (
			);
			runOnlyForDeploymentPostprocessing = 0;
			shellPath = /bin/sh;
			shellScript = "\"${SRCROOT}/Pods/Target Support Files/Pods-KickThreads/Pods-KickThreads-resources.sh\"\n";
			showEnvVarsInLog = 0;
		};
		39B764A88A0474FAE9F2DB7C /* [CP] Embed Pods Frameworks */ = {
			isa = PBXShellScriptBuildPhase;
			buildActionMask = 2147483647;
			files = (
			);
			inputPaths = (
			);
			name = "[CP] Embed Pods Frameworks";
			outputPaths = (
			);
			runOnlyForDeploymentPostprocessing = 0;
			shellPath = /bin/sh;
			shellScript = "\"${SRCROOT}/Pods/Target Support Files/Pods-KickThreads/Pods-KickThreads-frameworks.sh\"\n";
			showEnvVarsInLog = 0;
		};
		8D6F10B08FA46E4845A27546 /* [CP] Check Pods Manifest.lock */ = {
			isa = PBXShellScriptBuildPhase;
			buildActionMask = 2147483647;
			files = (
			);
			inputPaths = (
			);
			name = "[CP] Check Pods Manifest.lock";
			outputPaths = (
			);
			runOnlyForDeploymentPostprocessing = 0;
			shellPath = /bin/sh;
			shellScript = "diff \"${PODS_ROOT}/../Podfile.lock\" \"${PODS_ROOT}/Manifest.lock\" > /dev/null\nif [ $? != 0 ] ; then\n    # print error to STDERR\n    echo \"error: The sandbox is not in sync with the Podfile.lock. Run 'pod install' or update your CocoaPods installation.\" >&2\n    exit 1\nfi\n";
			showEnvVarsInLog = 0;
		};
		C7C910851EBE42C8009642F7 /* ShellScript */ = {
			isa = PBXShellScriptBuildPhase;
			buildActionMask = 2147483647;
			files = (
			);
			inputPaths = (
				"$(SRCROOT)/Carthage/Build/iOS/VisualRecognitionV3.framework",
				"$(SRCROOT)/Carthage/Build/iOS/RestKit.framework",
			);
			outputPaths = (
			);
			runOnlyForDeploymentPostprocessing = 0;
			shellPath = /bin/sh;
			shellScript = "/usr/local/bin/carthage copy-frameworks\n";
		};
/* End PBXShellScriptBuildPhase section */

/* Begin PBXSourcesBuildPhase section */
		C7ACF50E1EBD53FD00EF5E4E /* Sources */ = {
			isa = PBXSourcesBuildPhase;
			buildActionMask = 2147483647;
			files = (
				C7ACF5181EBD53FE00EF5E4E /* ViewController.swift in Sources */,
				C7ACF5161EBD53FE00EF5E4E /* AppDelegate.swift in Sources */,
			);
			runOnlyForDeploymentPostprocessing = 0;
		};
/* End PBXSourcesBuildPhase section */

/* Begin PBXVariantGroup section */
		C7ACF5191EBD53FE00EF5E4E /* Main.storyboard */ = {
			isa = PBXVariantGroup;
			children = (
				C7ACF51A1EBD53FE00EF5E4E /* Base */,
			);
			name = Main.storyboard;
			sourceTree = "<group>";
		};
		C7ACF51E1EBD53FE00EF5E4E /* LaunchScreen.storyboard */ = {
			isa = PBXVariantGroup;
			children = (
				C7ACF51F1EBD53FE00EF5E4E /* Base */,
			);
			name = LaunchScreen.storyboard;
			sourceTree = "<group>";
		};
/* End PBXVariantGroup section */

/* Begin XCBuildConfiguration section */
		C7ACF5221EBD53FE00EF5E4E /* Debug */ = {
			isa = XCBuildConfiguration;
			buildSettings = {
				ALWAYS_SEARCH_USER_PATHS = NO;
				CLANG_ANALYZER_NONNULL = YES;
				CLANG_ANALYZER_NUMBER_OBJECT_CONVERSION = YES_AGGRESSIVE;
				CLANG_CXX_LANGUAGE_STANDARD = "gnu++0x";
				CLANG_CXX_LIBRARY = "libc++";
				CLANG_ENABLE_MODULES = YES;
				CLANG_ENABLE_OBJC_ARC = YES;
				CLANG_WARN_BOOL_CONVERSION = YES;
				CLANG_WARN_CONSTANT_CONVERSION = YES;
				CLANG_WARN_DIRECT_OBJC_ISA_USAGE = YES_ERROR;
				CLANG_WARN_DOCUMENTATION_COMMENTS = YES;
				CLANG_WARN_EMPTY_BODY = YES;
				CLANG_WARN_ENUM_CONVERSION = YES;
				CLANG_WARN_INFINITE_RECURSION = YES;
				CLANG_WARN_INT_CONVERSION = YES;
				CLANG_WARN_OBJC_ROOT_CLASS = YES_ERROR;
				CLANG_WARN_SUSPICIOUS_MOVE = YES;
				CLANG_WARN_UNREACHABLE_CODE = YES;
				CLANG_WARN__DUPLICATE_METHOD_MATCH = YES;
				"CODE_SIGN_IDENTITY[sdk=iphoneos*]" = "iPhone Developer";
				COPY_PHASE_STRIP = NO;
				DEBUG_INFORMATION_FORMAT = dwarf;
				ENABLE_STRICT_OBJC_MSGSEND = YES;
				ENABLE_TESTABILITY = YES;
				GCC_C_LANGUAGE_STANDARD = gnu99;
				GCC_DYNAMIC_NO_PIC = NO;
				GCC_NO_COMMON_BLOCKS = YES;
				GCC_OPTIMIZATION_LEVEL = 0;
				GCC_PREPROCESSOR_DEFINITIONS = (
					"DEBUG=1",
					"$(inherited)",
				);
				GCC_WARN_64_TO_32_BIT_CONVERSION = YES;
				GCC_WARN_ABOUT_RETURN_TYPE = YES_ERROR;
				GCC_WARN_UNDECLARED_SELECTOR = YES;
				GCC_WARN_UNINITIALIZED_AUTOS = YES_AGGRESSIVE;
				GCC_WARN_UNUSED_FUNCTION = YES;
				GCC_WARN_UNUSED_VARIABLE = YES;
				IPHONEOS_DEPLOYMENT_TARGET = 10.3;
				MTL_ENABLE_DEBUG_INFO = YES;
				ONLY_ACTIVE_ARCH = YES;
				SDKROOT = iphoneos;
				SWIFT_ACTIVE_COMPILATION_CONDITIONS = DEBUG;
				SWIFT_OPTIMIZATION_LEVEL = "-Onone";
			};
			name = Debug;
		};
		C7ACF5231EBD53FE00EF5E4E /* Release */ = {
			isa = XCBuildConfiguration;
			buildSettings = {
				ALWAYS_SEARCH_USER_PATHS = NO;
				CLANG_ANALYZER_NONNULL = YES;
				CLANG_ANALYZER_NUMBER_OBJECT_CONVERSION = YES_AGGRESSIVE;
				CLANG_CXX_LANGUAGE_STANDARD = "gnu++0x";
				CLANG_CXX_LIBRARY = "libc++";
				CLANG_ENABLE_MODULES = YES;
				CLANG_ENABLE_OBJC_ARC = YES;
				CLANG_WARN_BOOL_CONVERSION = YES;
				CLANG_WARN_CONSTANT_CONVERSION = YES;
				CLANG_WARN_DIRECT_OBJC_ISA_USAGE = YES_ERROR;
				CLANG_WARN_DOCUMENTATION_COMMENTS = YES;
				CLANG_WARN_EMPTY_BODY = YES;
				CLANG_WARN_ENUM_CONVERSION = YES;
				CLANG_WARN_INFINITE_RECURSION = YES;
				CLANG_WARN_INT_CONVERSION = YES;
				CLANG_WARN_OBJC_ROOT_CLASS = YES_ERROR;
				CLANG_WARN_SUSPICIOUS_MOVE = YES;
				CLANG_WARN_UNREACHABLE_CODE = YES;
				CLANG_WARN__DUPLICATE_METHOD_MATCH = YES;
				"CODE_SIGN_IDENTITY[sdk=iphoneos*]" = "iPhone Developer";
				COPY_PHASE_STRIP = NO;
				DEBUG_INFORMATION_FORMAT = "dwarf-with-dsym";
				ENABLE_NS_ASSERTIONS = NO;
				ENABLE_STRICT_OBJC_MSGSEND = YES;
				GCC_C_LANGUAGE_STANDARD = gnu99;
				GCC_NO_COMMON_BLOCKS = YES;
				GCC_WARN_64_TO_32_BIT_CONVERSION = YES;
				GCC_WARN_ABOUT_RETURN_TYPE = YES_ERROR;
				GCC_WARN_UNDECLARED_SELECTOR = YES;
				GCC_WARN_UNINITIALIZED_AUTOS = YES_AGGRESSIVE;
				GCC_WARN_UNUSED_FUNCTION = YES;
				GCC_WARN_UNUSED_VARIABLE = YES;
				IPHONEOS_DEPLOYMENT_TARGET = 10.3;
				MTL_ENABLE_DEBUG_INFO = NO;
				SDKROOT = iphoneos;
				SWIFT_OPTIMIZATION_LEVEL = "-Owholemodule";
				VALIDATE_PRODUCT = YES;
			};
			name = Release;
		};
		C7ACF5251EBD53FE00EF5E4E /* Debug */ = {
			isa = XCBuildConfiguration;
			baseConfigurationReference = CC9ACFD2DF370BFBF9C89012 /* Pods-KickThreads.debug.xcconfig */;
			buildSettings = {
				ASSETCATALOG_COMPILER_APPICON_NAME = AppIcon;
				DEVELOPMENT_TEAM = LZKU673F93;
				FRAMEWORK_SEARCH_PATHS = (
					"$(inherited)",
					"$(PROJECT_DIR)/Carthage/Build/iOS",
				);
				INFOPLIST_FILE = KickThreads/Info.plist;
				IPHONEOS_DEPLOYMENT_TARGET = 10.3;
				LD_RUNPATH_SEARCH_PATHS = "$(inherited) @executable_path/Frameworks";
				PRODUCT_BUNDLE_IDENTIFIER = me.saatvikarya.KickThreads;
				PRODUCT_NAME = "$(TARGET_NAME)";
				SWIFT_VERSION = 3.0;
			};
			name = Debug;
		};
		C7ACF5261EBD53FE00EF5E4E /* Release */ = {
			isa = XCBuildConfiguration;
			baseConfigurationReference = 6288BA900547B877FAC12AED /* Pods-KickThreads.release.xcconfig */;
			buildSettings = {
				ASSETCATALOG_COMPILER_APPICON_NAME = AppIcon;
				DEVELOPMENT_TEAM = LZKU673F93;
				FRAMEWORK_SEARCH_PATHS = (
					"$(inherited)",
					"$(PROJECT_DIR)/Carthage/Build/iOS",
				);
				INFOPLIST_FILE = KickThreads/Info.plist;
				IPHONEOS_DEPLOYMENT_TARGET = 10.3;
				LD_RUNPATH_SEARCH_PATHS = "$(inherited) @executable_path/Frameworks";
				PRODUCT_BUNDLE_IDENTIFIER = me.saatvikarya.KickThreads;
				PRODUCT_NAME = "$(TARGET_NAME)";
				SWIFT_VERSION = 3.0;
			};
			name = Release;
		};
/* End XCBuildConfiguration section */

/* Begin XCConfigurationList section */
		C7ACF50D1EBD53FD00EF5E4E /* Build configuration list for PBXProject "KickThreads" */ = {
			isa = XCConfigurationList;
			buildConfigurations = (
				C7ACF5221EBD53FE00EF5E4E /* Debug */,
				C7ACF5231EBD53FE00EF5E4E /* Release */,
			);
			defaultConfigurationIsVisible = 0;
			defaultConfigurationName = Release;
		};
		C7ACF5241EBD53FE00EF5E4E /* Build configuration list for PBXNativeTarget "KickThreads" */ = {
			isa = XCConfigurationList;
			buildConfigurations = (
				C7ACF5251EBD53FE00EF5E4E /* Debug */,
				C7ACF5261EBD53FE00EF5E4E /* Release */,
			);
			defaultConfigurationIsVisible = 0;
			defaultConfigurationName = Release;
		};
/* End XCConfigurationList section */
	};
	rootObject = C7ACF50A1EBD53FD00EF5E4E /* Project object */;
}
